
Microsoft Visual Studio Solution File, Format Version 12.00
# Visual Studio 2013
VisualStudioVersion = 12.0.21005.1
MinimumVisualStudioVersion = 10.0.40219.1
Project("{FAE04EC0-301F-11D3-BF4B-00C04F79EFBC}") = "input outbut", "input outbut\input outbut.csproj", "{17EABDCD-C8D4-4BF1-AE41-2D4BC2D6064C}"
EndProject
Project("{FAE04EC0-301F-11D3-BF4B-00C04F79EFBC}") = "ConsoleApplication1", "ConsoleApplication1\ConsoleApplication1.csproj", "{C6AE8912-8B09-403D-92C0-C84B956DCC76}"
EndProject
Global
	GlobalSection(SolutionConfigurationPlatforms) = preSolution
		Debug|Any CPU = Debug|Any CPU
		Release|Any CPU = Release|Any CPU
	EndGlobalSection
	GlobalSection(ProjectConfigurationPlatforms) = postSolution
		{17EABDCD-C8D4-4BF1-AE41-2D4BC2D6064C}.Debug|Any CPU.ActiveCfg = Debug|Any CPU
		{17EABDCD-C8D4-4BF1-AE41-2D4BC2D6064C}.Debug|Any CPU.Build.0 = Debug|Any CPU
		{17EABDCD-C8D4-4BF1-AE41-2D4BC2D6064C}.Release|Any CPU.ActiveCfg = Release|Any CPU
		{17EABDCD-C8D4-4BF1-AE41-2D4BC2D6064C}.Release|Any CPU.Build.0 = Release|Any CPU
		{C6AE8912-8B09-403D-92C0-C84B956DCC76}.Debug|Any CPU.ActiveCfg = Debug|Any CPU
		{C6AE8912-8B09-403D-92C0-C84B956DCC76}.Debug|Any CPU.Build.0 = Debug|Any CPU
		{C6AE8912-8B09-403D-92C0-C84B956DCC76}.Release|Any CPU.ActiveCfg = Release|Any CPU
		{C6AE8912-8B09-403D-92C0-C84B956DCC76}.Release|Any CPU.Build.0 = Release|Any CPU
	EndGlobalSection
	GlobalSection(SolutionProperties) = preSolution
		HideSolutionNode = FALSE
	EndGlobalSection
EndGlobal
